
Microsoft Visual Studio Solution File, Format Version 12.00
# Visual Studio 15
VisualStudioVersion = 15.0.26124.0
MinimumVisualStudioVersion = 15.0.26124.0
Project("{FAE04EC0-301F-11D3-BF4B-00C04F79EFBC}") = "R5T.Odense.Base.Construction", "R5T.Odense.Base.Construction\R5T.Odense.Base.Construction.csproj", "{75FA908D-1CE8-49F6-9202-8E0CC710CC2B}"
EndProject
Project("{FAE04EC0-301F-11D3-BF4B-00C04F79EFBC}") = "R5T.Odense.Base", "R5T.Odense.Base\R5T.Odense.Base.csproj", "{40A783DA-D32F-47E4-84C6-1BD0EC5A1DAD}"
EndProject
Project("{2150E333-8FDC-42A3-9474-1A3956D46DE8}") = "_Dependencies", "_Dependencies", "{5212ACA2-EA72-43AE-AE42-EE9D7B86F0ED}"
EndProject
Project("{FAE04EC0-301F-11D3-BF4B-00C04F79EFBC}") = "R5T.T0064", "..\..\R5T.T0064\source\R5T.T0064\R5T.T0064.csproj", "{747A1DAB-E456-45CF-8417-5ACFC490CBC5}"
EndProject
Global
	GlobalSection(SolutionConfigurationPlatforms) = preSolution
		Debug|Any CPU = Debug|Any CPU
		Debug|x64 = Debug|x64
		Debug|x86 = Debug|x86
		Release|Any CPU = Release|Any CPU
		Release|x64 = Release|x64
		Release|x86 = Release|x86
	EndGlobalSection
	GlobalSection(SolutionProperties) = preSolution
		HideSolutionNode = FALSE
	EndGlobalSection
	GlobalSection(ProjectConfigurationPlatforms) = postSolution
		{75FA908D-1CE8-49F6-9202-8E0CC710CC2B}.Debug|Any CPU.ActiveCfg = Debug|Any CPU
		{75FA908D-1CE8-49F6-9202-8E0CC710CC2B}.Debug|Any CPU.Build.0 = Debug|Any CPU
		{75FA908D-1CE8-49F6-9202-8E0CC710CC2B}.Debug|x64.ActiveCfg = Debug|Any CPU
		{75FA908D-1CE8-49F6-9202-8E0CC710CC2B}.Debug|x64.Build.0 = Debug|Any CPU
		{75FA908D-1CE8-49F6-9202-8E0CC710CC2B}.Debug|x86.ActiveCfg = Debug|Any CPU
		{75FA908D-1CE8-49F6-9202-8E0CC710CC2B}.Debug|x86.Build.0 = Debug|Any CPU
		{75FA908D-1CE8-49F6-9202-8E0CC710CC2B}.Release|Any CPU.ActiveCfg = Release|Any CPU
		{75FA908D-1CE8-49F6-9202-8E0CC710CC2B}.Release|Any CPU.Build.0 = Release|Any CPU
		{75FA908D-1CE8-49F6-9202-8E0CC710CC2B}.Release|x64.ActiveCfg = Release|Any CPU
		{75FA908D-1CE8-49F6-9202-8E0CC710CC2B}.Release|x64.Build.0 = Release|Any CPU
		{75FA908D-1CE8-49F6-9202-8E0CC710CC2B}.Release|x86.ActiveCfg = Release|Any CPU
		{75FA908D-1CE8-49F6-9202-8E0CC710CC2B}.Release|x86.Build.0 = Release|Any CPU
		{40A783DA-D32F-47E4-84C6-1BD0EC5A1DAD}.Debug|Any CPU.ActiveCfg = Debug|Any CPU
		{40A783DA-D32F-47E4-84C6-1BD0EC5A1DAD}.Debug|Any CPU.Build.0 = Debug|Any CPU
		{40A783DA-D32F-47E4-84C6-1BD0EC5A1DAD}.Debug|x64.ActiveCfg = Debug|Any CPU
		{40A783DA-D32F-47E4-84C6-1BD0EC5A1DAD}.Debug|x64.Build.0 = Debug|Any CPU
		{40A783DA-D32F-47E4-84C6-1BD0EC5A1DAD}.Debug|x86.ActiveCfg = Debug|Any CPU
		{40A783DA-D32F-47E4-84C6-1BD0EC5A1DAD}.Debug|x86.Build.0 = Debug|Any CPU
		{40A783DA-D32F-47E4-84C6-1BD0EC5A1DAD}.Release|Any CPU.ActiveCfg = Release|Any CPU
		{40A783DA-D32F-47E4-84C6-1BD0EC5A1DAD}.Release|Any CPU.Build.0 = Release|Any CPU
		{40A783DA-D32F-47E4-84C6-1BD0EC5A1DAD}.Release|x64.ActiveCfg = Release|Any CPU
		{40A783DA-D32F-47E4-84C6-1BD0EC5A1DAD}.Release|x64.Build.0 = Release|Any CPU
		{40A783DA-D32F-47E4-84C6-1BD0EC5A1DAD}.Release|x86.ActiveCfg = Release|Any CPU
		{40A783DA-D32F-47E4-84C6-1BD0EC5A1DAD}.Release|x86.Build.0 = Release|Any CPU
		{747A1DAB-E456-45CF-8417-5ACFC490CBC5}.Debug|Any CPU.ActiveCfg = Debug|Any CPU
		{747A1DAB-E456-45CF-8417-5ACFC490CBC5}.Debug|Any CPU.Build.0 = Debug|Any CPU
		{747A1DAB-E456-45CF-8417-5ACFC490CBC5}.Debug|x64.ActiveCfg = Debug|Any CPU
		{747A1DAB-E456-45CF-8417-5ACFC490CBC5}.Debug|x64.Build.0 = Debug|Any CPU
		{747A1DAB-E456-45CF-8417-5ACFC490CBC5}.Debug|x86.ActiveCfg = Debug|Any CPU
		{747A1DAB-E456-45CF-8417-5ACFC490CBC5}.Debug|x86.Build.0 = Debug|Any CPU
		{747A1DAB-E456-45CF-8417-5ACFC490CBC5}.Release|Any CPU.ActiveCfg = Release|Any CPU
		{747A1DAB-E456-45CF-8417-5ACFC490CBC5}.Release|Any CPU.Build.0 = Release|Any CPU
		{747A1DAB-E456-45CF-8417-5ACFC490CBC5}.Release|x64.ActiveCfg = Release|Any CPU
		{747A1DAB-E456-45CF-8417-5ACFC490CBC5}.Release|x64.Build.0 = Release|Any CPU
		{747A1DAB-E456-45CF-8417-5ACFC490CBC5}.Release|x86.ActiveCfg = Release|Any CPU
		{747A1DAB-E456-45CF-8417-5ACFC490CBC5}.Release|x86.Build.0 = Release|Any CPU
	EndGlobalSection
	GlobalSection(NestedProjects) = preSolution
		{747A1DAB-E456-45CF-8417-5ACFC490CBC5} = {5212ACA2-EA72-43AE-AE42-EE9D7B86F0ED}
	EndGlobalSection
EndGlobal
